
Microsoft Visual Studio Solution File, Format Version 12.00
# Visual Studio Version 17
VisualStudioVersion = 17.0.32112.339
MinimumVisualStudioVersion = 10.0.40219.1
Project("{FAE04EC0-301F-11D3-BF4B-00C04F79EFBC}") = "kur seti", "kur seti.csproj", "{2D6E0C45-DFDD-4DEF-A958-1A1CF695D72E}"
EndProject
Global
	GlobalSection(SolutionConfigurationPlatforms) = preSolution
		Debug|Any CPU = Debug|Any CPU
		Release|Any CPU = Release|Any CPU
	EndGlobalSection
	GlobalSection(ProjectConfigurationPlatforms) = postSolution
		{2D6E0C45-DFDD-4DEF-A958-1A1CF695D72E}.Debug|Any CPU.ActiveCfg = Debug|Any CPU
		{2D6E0C45-DFDD-4DEF-A958-1A1CF695D72E}.Debug|Any CPU.Build.0 = Debug|Any CPU
		{2D6E0C45-DFDD-4DEF-A958-1A1CF695D72E}.Release|Any CPU.ActiveCfg = Release|Any CPU
		{2D6E0C45-DFDD-4DEF-A958-1A1CF695D72E}.Release|Any CPU.Build.0 = Release|Any CPU
	EndGlobalSection
	GlobalSection(SolutionProperties) = preSolution
		HideSolutionNode = FALSE
	EndGlobalSection
	GlobalSection(ExtensibilityGlobals) = postSolution
		SolutionGuid = {84F5913E-37A8-460B-8392-D398072B50E2}
	EndGlobalSection
EndGlobal
